
Microsoft Visual Studio Solution File, Format Version 12.00
# Visual Studio Version 17
VisualStudioVersion = 17.0.32112.339
MinimumVisualStudioVersion = 10.0.40219.1
Project("{FAE04EC0-301F-11D3-BF4B-00C04F79EFBC}") = "MailController", "MailController\MailController.csproj", "{1A3A0F42-591D-479A-8D91-842EAE1B9B8B}"
EndProject
Global
	GlobalSection(SolutionConfigurationPlatforms) = preSolution
		Debug|Any CPU = Debug|Any CPU
		Release|Any CPU = Release|Any CPU
	EndGlobalSection
	GlobalSection(ProjectConfigurationPlatforms) = postSolution
		{1A3A0F42-591D-479A-8D91-842EAE1B9B8B}.Debug|Any CPU.ActiveCfg = Debug|Any CPU
		{1A3A0F42-591D-479A-8D91-842EAE1B9B8B}.Debug|Any CPU.Build.0 = Debug|Any CPU
		{1A3A0F42-591D-479A-8D91-842EAE1B9B8B}.Release|Any CPU.ActiveCfg = Release|Any CPU
		{1A3A0F42-591D-479A-8D91-842EAE1B9B8B}.Release|Any CPU.Build.0 = Release|Any CPU
	EndGlobalSection
	GlobalSection(SolutionProperties) = preSolution
		HideSolutionNode = FALSE
	EndGlobalSection
	GlobalSection(ExtensibilityGlobals) = postSolution
		SolutionGuid = {212B6747-C027-4E95-9E7F-52548A82C82A}
	EndGlobalSection
EndGlobal
